
Microsoft Visual Studio Solution File, Format Version 12.00
# Visual Studio Version 17
VisualStudioVersion = 17.7.34221.43
MinimumVisualStudioVersion = 10.0.40219.1
Project("{FAE04EC0-301F-11D3-BF4B-00C04F79EFBC}") = "SMTPSender", "SMTPSender.csproj", "{EBC025B1-ED14-472E-8B93-60F4A4BC2AAD}"
EndProject
Global
	GlobalSection(SolutionConfigurationPlatforms) = preSolution
		Debug|Any CPU = Debug|Any CPU
		Release|Any CPU = Release|Any CPU
	EndGlobalSection
	GlobalSection(ProjectConfigurationPlatforms) = postSolution
		{EBC025B1-ED14-472E-8B93-60F4A4BC2AAD}.Debug|Any CPU.ActiveCfg = Debug|Any CPU
		{EBC025B1-ED14-472E-8B93-60F4A4BC2AAD}.Debug|Any CPU.Build.0 = Debug|Any CPU
		{EBC025B1-ED14-472E-8B93-60F4A4BC2AAD}.Release|Any CPU.ActiveCfg = Release|Any CPU
		{EBC025B1-ED14-472E-8B93-60F4A4BC2AAD}.Release|Any CPU.Build.0 = Release|Any CPU
	EndGlobalSection
	GlobalSection(SolutionProperties) = preSolution
		HideSolutionNode = FALSE
	EndGlobalSection
	GlobalSection(ExtensibilityGlobals) = postSolution
		SolutionGuid = {6B57D926-C6EE-4AE0-A3F4-ACEBE8969AA2}
	EndGlobalSection
EndGlobal
